// !$*UTF8*$!
{
	archiveVersion = 1;
	classes = {
	};
	objectVersion = 56;
	objects = {

/* Begin PBXBuildFile section */
		9680051C2B3A3E3E00050513 /* Combine_Book_CourseApp.swift in Sources */ = {isa = PBXBuildFile; fileRef = 9680051B2B3A3E3E00050513 /* Combine_Book_CourseApp.swift */; };
		9680051E2B3A3E3E00050513 /* ContentView.swift in Sources */ = {isa = PBXBuildFile; fileRef = 9680051D2B3A3E3E00050513 /* ContentView.swift */; };
		968005202B3A3E3F00050513 /* Assets.xcassets in Resources */ = {isa = PBXBuildFile; fileRef = 9680051F2B3A3E3F00050513 /* Assets.xcassets */; };
		968005232B3A3E3F00050513 /* Preview Assets.xcassets in Resources */ = {isa = PBXBuildFile; fileRef = 968005222B3A3E3F00050513 /* Preview Assets.xcassets */; };
		9680052D2B3A3E3F00050513 /* Combine_Book_CourseTests.swift in Sources */ = {isa = PBXBuildFile; fileRef = 9680052C2B3A3E3F00050513 /* Combine_Book_CourseTests.swift */; };
		968005372B3A3E3F00050513 /* Combine_Book_CourseUITests.swift in Sources */ = {isa = PBXBuildFile; fileRef = 968005362B3A3E3F00050513 /* Combine_Book_CourseUITests.swift */; };
		968005392B3A3E3F00050513 /* Combine_Book_CourseUITestsLaunchTests.swift in Sources */ = {isa = PBXBuildFile; fileRef = 968005382B3A3E3F00050513 /* Combine_Book_CourseUITestsLaunchTests.swift */; };
/* End PBXBuildFile section */

/* Begin PBXContainerItemProxy section */
		968005292B3A3E3F00050513 /* PBXContainerItemProxy */ = {
			isa = PBXContainerItemProxy;
			containerPortal = 968005102B3A3E3E00050513 /* Project object */;
			proxyType = 1;
			remoteGlobalIDString = 968005172B3A3E3E00050513;
			remoteInfo = "Combine-Book-Course";
		};
		968005332B3A3E3F00050513 /* PBXContainerItemProxy */ = {
			isa = PBXContainerItemProxy;
			containerPortal = 968005102B3A3E3E00050513 /* Project object */;
			proxyType = 1;
			remoteGlobalIDString = 968005172B3A3E3E00050513;
			remoteInfo = "Combine-Book-Course";
		};
/* End PBXContainerItemProxy section */

/* Begin PBXFileReference section */
		968005182B3A3E3E00050513 /* Combine-Book-Course.app */ = {isa = PBXFileReference; explicitFileType = wrapper.application; includeInIndex = 0; path = "Combine-Book-Course.app"; sourceTree = BUILT_PRODUCTS_DIR; };
		9680051B2B3A3E3E00050513 /* Combine_Book_CourseApp.swift */ = {isa = PBXFileReference; lastKnownFileType = sourcecode.swift; path = Combine_Book_CourseApp.swift; sourceTree = "<group>"; };
		9680051D2B3A3E3E00050513 /* ContentView.swift */ = {isa = PBXFileReference; lastKnownFileType = sourcecode.swift; path = ContentView.swift; sourceTree = "<group>"; };
		9680051F2B3A3E3F00050513 /* Assets.xcassets */ = {isa = PBXFileReference; lastKnownFileType = folder.assetcatalog; path = Assets.xcassets; sourceTree = "<group>"; };
		968005222B3A3E3F00050513 /* Preview Assets.xcassets */ = {isa = PBXFileReference; lastKnownFileType = folder.assetcatalog; path = "Preview Assets.xcassets"; sourceTree = "<group>"; };
		968005282B3A3E3F00050513 /* Combine-Book-CourseTests.xctest */ = {isa = PBXFileReference; explicitFileType = wrapper.cfbundle; includeInIndex = 0; path = "Combine-Book-CourseTests.xctest"; sourceTree = BUILT_PRODUCTS_DIR; };
		9680052C2B3A3E3F00050513 /* Combine_Book_CourseTests.swift */ = {isa = PBXFileReference; lastKnownFileType = sourcecode.swift; path = Combine_Book_CourseTests.swift; sourceTree = "<group>"; };
		968005322B3A3E3F00050513 /* Combine-Book-CourseUITests.xctest */ = {isa = PBXFileReference; explicitFileType = wrapper.cfbundle; includeInIndex = 0; path = "Combine-Book-CourseUITests.xctest"; sourceTree = BUILT_PRODUCTS_DIR; };
		968005362B3A3E3F00050513 /* Combine_Book_CourseUITests.swift */ = {isa = PBXFileReference; lastKnownFileType = sourcecode.swift; path = Combine_Book_CourseUITests.swift; sourceTree = "<group>"; };
		968005382B3A3E3F00050513 /* Combine_Book_CourseUITestsLaunchTests.swift */ = {isa = PBXFileReference; lastKnownFileType = sourcecode.swift; path = Combine_Book_CourseUITestsLaunchTests.swift; sourceTree = "<group>"; };
/* End PBXFileReference section */

/* Begin PBXFrameworksBuildPhase section */
		968005152B3A3E3E00050513 /* Frameworks */ = {
			isa = PBXFrameworksBuildPhase;
			buildActionMask = 2147483647;
			files = (
			);
			runOnlyForDeploymentPostprocessing = 0;
		};
		968005252B3A3E3F00050513 /* Frameworks */ = {
			isa = PBXFrameworksBuildPhase;
			buildActionMask = 2147483647;
			files = (
			);
			runOnlyForDeploymentPostprocessing = 0;
		};
		9680052F2B3A3E3F00050513 /* Frameworks */ = {
			isa = PBXFrameworksBuildPhase;
			buildActionMask = 2147483647;
			files = (
			);
			runOnlyForDeploymentPostprocessing = 0;
		};
/* End PBXFrameworksBuildPhase section */

/* Begin PBXGroup section */
		9680050F2B3A3E3E00050513 = {
			isa = PBXGroup;
			children = (
				9680051A2B3A3E3E00050513 /* Combine-Book-Course */,
				9680052B2B3A3E3F00050513 /* Combine-Book-CourseTests */,
				968005352B3A3E3F00050513 /* Combine-Book-CourseUITests */,
				968005192B3A3E3E00050513 /* Products */,
			);
			sourceTree = "<group>";
		};
		968005192B3A3E3E00050513 /* Products */ = {
			isa = PBXGroup;
			children = (
				968005182B3A3E3E00050513 /* Combine-Book-Course.app */,
				968005282B3A3E3F00050513 /* Combine-Book-CourseTests.xctest */,
				968005322B3A3E3F00050513 /* Combine-Book-CourseUITests.xctest */,
			);
			name = Products;
			sourceTree = "<group>";
		};
		9680051A2B3A3E3E00050513 /* Combine-Book-Course */ = {
			isa = PBXGroup;
			children = (
				9680051B2B3A3E3E00050513 /* Combine_Book_CourseApp.swift */,
				9680051D2B3A3E3E00050513 /* ContentView.swift */,
				9680051F2B3A3E3F00050513 /* Assets.xcassets */,
				968005212B3A3E3F00050513 /* Preview Content */,
			);
			path = "Combine-Book-Course";
			sourceTree = "<group>";
		};
		968005212B3A3E3F00050513 /* Preview Content */ = {
			isa = PBXGroup;
			children = (
				968005222B3A3E3F00050513 /* Preview Assets.xcassets */,
			);
			path = "Preview Content";
			sourceTree = "<group>";
		};
		9680052B2B3A3E3F00050513 /* Combine-Book-CourseTests */ = {
			isa = PBXGroup;
			children = (
				9680052C2B3A3E3F00050513 /* Combine_Book_CourseTests.swift */,
			);
			path = "Combine-Book-CourseTests";
			sourceTree = "<group>";
		};
		968005352B3A3E3F00050513 /* Combine-Book-CourseUITests */ = {
			isa = PBXGroup;
			children = (
				968005362B3A3E3F00050513 /* Combine_Book_CourseUITests.swift */,
				968005382B3A3E3F00050513 /* Combine_Book_CourseUITestsLaunchTests.swift */,
			);
			path = "Combine-Book-CourseUITests";
			sourceTree = "<group>";
		};
/* End PBXGroup section */

/* Begin PBXNativeTarget section */
		968005172B3A3E3E00050513 /* Combine-Book-Course */ = {
			isa = PBXNativeTarget;
			buildConfigurationList = 9680053C2B3A3E3F00050513 /* Build configuration list for PBXNativeTarget "Combine-Book-Course" */;
			buildPhases = (
				968005142B3A3E3E00050513 /* Sources */,
				968005152B3A3E3E00050513 /* Frameworks */,
				968005162B3A3E3E00050513 /* Resources */,
			);
			buildRules = (
			);
			dependencies = (
			);
			name = "Combine-Book-Course";
			productName = "Combine-Book-Course";
			productReference = 968005182B3A3E3E00050513 /* Combine-Book-Course.app */;
			productType = "com.apple.product-type.application";
		};
		968005272B3A3E3F00050513 /* Combine-Book-CourseTests */ = {
			isa = PBXNativeTarget;
			buildConfigurationList = 9680053F2B3A3E3F00050513 /* Build configuration list for PBXNativeTarget "Combine-Book-CourseTests" */;
			buildPhases = (
				968005242B3A3E3F00050513 /* Sources */,
				968005252B3A3E3F00050513 /* Frameworks */,
				968005262B3A3E3F00050513 /* Resources */,
			);
			buildRules = (
			);
			dependencies = (
				9680052A2B3A3E3F00050513 /* PBXTargetDependency */,
			);
			name = "Combine-Book-CourseTests";
			productName = "Combine-Book-CourseTests";
			productReference = 968005282B3A3E3F00050513 /* Combine-Book-CourseTests.xctest */;
			productType = "com.apple.product-type.bundle.unit-test";
		};
		968005312B3A3E3F00050513 /* Combine-Book-CourseUITests */ = {
			isa = PBXNativeTarget;
			buildConfigurationList = 968005422B3A3E3F00050513 /* Build configuration list for PBXNativeTarget "Combine-Book-CourseUITests" */;
			buildPhases = (
				9680052E2B3A3E3F00050513 /* Sources */,
				9680052F2B3A3E3F00050513 /* Frameworks */,
				968005302B3A3E3F00050513 /* Resources */,
			);
			buildRules = (
			);
			dependencies = (
				968005342B3A3E3F00050513 /* PBXTargetDependency */,
			);
			name = "Combine-Book-CourseUITests";
			productName = "Combine-Book-CourseUITests";
			productReference = 968005322B3A3E3F00050513 /* Combine-Book-CourseUITests.xctest */;
			productType = "com.apple.product-type.bundle.ui-testing";
		};
/* End PBXNativeTarget section */

/* Begin PBXProject section */
		968005102B3A3E3E00050513 /* Project object */ = {
			isa = PBXProject;
			attributes = {
				BuildIndependentTargetsInParallel = 1;
				LastSwiftUpdateCheck = 1430;
				LastUpgradeCheck = 1430;
				TargetAttributes = {
					968005172B3A3E3E00050513 = {
						CreatedOnToolsVersion = 14.3.1;
					};
					968005272B3A3E3F00050513 = {
						CreatedOnToolsVersion = 14.3.1;
						TestTargetID = 968005172B3A3E3E00050513;
					};
					968005312B3A3E3F00050513 = {
						CreatedOnToolsVersion = 14.3.1;
						TestTargetID = 968005172B3A3E3E00050513;
					};
				};
			};
			buildConfigurationList = 968005132B3A3E3E00050513 /* Build configuration list for PBXProject "Combine-Book-Course" */;
			compatibilityVersion = "Xcode 14.0";
			developmentRegion = en;
			hasScannedForEncodings = 0;
			knownRegions = (
				en,
				Base,
			);
			mainGroup = 9680050F2B3A3E3E00050513;
			productRefGroup = 968005192B3A3E3E00050513 /* Products */;
			projectDirPath = "";
			projectRoot = "";
			targets = (
				968005172B3A3E3E00050513 /* Combine-Book-Course */,
				968005272B3A3E3F00050513 /* Combine-Book-CourseTests */,
				968005312B3A3E3F00050513 /* Combine-Book-CourseUITests */,
			);
		};
/* End PBXProject section */

/* Begin PBXResourcesBuildPhase section */
		968005162B3A3E3E00050513 /* Resources */ = {
			isa = PBXResourcesBuildPhase;
			buildActionMask = 2147483647;
			files = (
				968005232B3A3E3F00050513 /* Preview Assets.xcassets in Resources */,
				968005202B3A3E3F00050513 /* Assets.xcassets in Resources */,
			);
			runOnlyForDeploymentPostprocessing = 0;
		};
		968005262B3A3E3F00050513 /* Resources */ = {
			isa = PBXResourcesBuildPhase;
			buildActionMask = 2147483647;
			files = (
			);
			runOnlyForDeploymentPostprocessing = 0;
		};
		968005302B3A3E3F00050513 /* Resources */ = {
			isa = PBXResourcesBuildPhase;
			buildActionMask = 2147483647;
			files = (
			);
			runOnlyForDeploymentPostprocessing = 0;
		};
/* End PBXResourcesBuildPhase section */

/* Begin PBXSourcesBuildPhase section */
		968005142B3A3E3E00050513 /* Sources */ = {
			isa = PBXSourcesBuildPhase;
			buildActionMask = 2147483647;
			files = (
				9680051E2B3A3E3E00050513 /* ContentView.swift in Sources */,
				9680051C2B3A3E3E00050513 /* Combine_Book_CourseApp.swift in Sources */,
			);
			runOnlyForDeploymentPostprocessing = 0;
		};
		968005242B3A3E3F00050513 /* Sources */ = {
			isa = PBXSourcesBuildPhase;
			buildActionMask = 2147483647;
			files = (
				9680052D2B3A3E3F00050513 /* Combine_Book_CourseTests.swift in Sources */,
			);
			runOnlyForDeploymentPostprocessing = 0;
		};
		9680052E2B3A3E3F00050513 /* Sources */ = {
			isa = PBXSourcesBuildPhase;
			buildActionMask = 2147483647;
			files = (
				968005392B3A3E3F00050513 /* Combine_Book_CourseUITestsLaunchTests.swift in Sources */,
				968005372B3A3E3F00050513 /* Combine_Book_CourseUITests.swift in Sources */,
			);
			runOnlyForDeploymentPostprocessing = 0;
		};
/* End PBXSourcesBuildPhase section */

/* Begin PBXTargetDependency section */
		9680052A2B3A3E3F00050513 /* PBXTargetDependency */ = {
			isa = PBXTargetDependency;
			target = 968005172B3A3E3E00050513 /* Combine-Book-Course */;
			targetProxy = 968005292B3A3E3F00050513 /* PBXContainerItemProxy */;
		};
		968005342B3A3E3F00050513 /* PBXTargetDependency */ = {
			isa = PBXTargetDependency;
			target = 968005172B3A3E3E00050513 /* Combine-Book-Course */;
			targetProxy = 968005332B3A3E3F00050513 /* PBXContainerItemProxy */;
		};
/* End PBXTargetDependency section */

/* Begin XCBuildConfiguration section */
		9680053A2B3A3E3F00050513 /* Debug */ = {
			isa = XCBuildConfiguration;
			buildSettings = {
				ALWAYS_SEARCH_USER_PATHS = NO;
				CLANG_ANALYZER_NONNULL = YES;
				CLANG_ANALYZER_NUMBER_OBJECT_CONVERSION = YES_AGGRESSIVE;
				CLANG_CXX_LANGUAGE_STANDARD = "gnu++20";
				CLANG_ENABLE_MODULES = YES;
				CLANG_ENABLE_OBJC_ARC = YES;
				CLANG_ENABLE_OBJC_WEAK = YES;
				CLANG_WARN_BLOCK_CAPTURE_AUTORELEASING = YES;
				CLANG_WARN_BOOL_CONVERSION = YES;
				CLANG_WARN_COMMA = YES;
				CLANG_WARN_CONSTANT_CONVERSION = YES;
				CLANG_WARN_DEPRECATED_OBJC_IMPLEMENTATIONS = YES;
				CLANG_WARN_DIRECT_OBJC_ISA_USAGE = YES_ERROR;
				CLANG_WARN_DOCUMENTATION_COMMENTS = YES;
				CLANG_WARN_EMPTY_BODY = YES;
				CLANG_WARN_ENUM_CONVERSION = YES;
				CLANG_WARN_INFINITE_RECURSION = YES;
				CLANG_WARN_INT_CONVERSION = YES;
				CLANG_WARN_NON_LITERAL_NULL_CONVERSION = YES;
				CLANG_WARN_OBJC_IMPLICIT_RETAIN_SELF = YES;
				CLANG_WARN_OBJC_LITERAL_CONVERSION = YES;
				CLANG_WARN_OBJC_ROOT_CLASS = YES_ERROR;
				CLANG_WARN_QUOTED_INCLUDE_IN_FRAMEWORK_HEADER = YES;
				CLANG_WARN_RANGE_LOOP_ANALYSIS = YES;
				CLANG_WARN_STRICT_PROTOTYPES = YES;
				CLANG_WARN_SUSPICIOUS_MOVE = YES;
				CLANG_WARN_UNGUARDED_AVAILABILITY = YES_AGGRESSIVE;
				CLANG_WARN_UNREACHABLE_CODE = YES;
				CLANG_WARN__DUPLICATE_METHOD_MATCH = YES;
				COPY_PHASE_STRIP = NO;
				DEBUG_INFORMATION_FORMAT = dwarf;
				ENABLE_STRICT_OBJC_MSGSEND = YES;
				ENABLE_TESTABILITY = YES;
				GCC_C_LANGUAGE_STANDARD = gnu11;
				GCC_DYNAMIC_NO_PIC = NO;
				GCC_NO_COMMON_BLOCKS = YES;
				GCC_OPTIMIZATION_LEVEL = 0;
				GCC_PREPROCESSOR_DEFINITIONS = (
					"DEBUG=1",
					"$(inherited)",
				);
				GCC_WARN_64_TO_32_BIT_CONVERSION = YES;
				GCC_WARN_ABOUT_RETURN_TYPE = YES_ERROR;
				GCC_WARN_UNDECLARED_SELECTOR = YES;
				GCC_WARN_UNINITIALIZED_AUTOS = YES_AGGRESSIVE;
				GCC_WARN_UNUSED_FUNCTION = YES;
				GCC_WARN_UNUSED_VARIABLE = YES;
				IPHONEOS_DEPLOYMENT_TARGET = 16.4;
				MTL_ENABLE_DEBUG_INFO = INCLUDE_SOURCE;
				MTL_FAST_MATH = YES;
				ONLY_ACTIVE_ARCH = YES;
				SDKROOT = iphoneos;
				SWIFT_ACTIVE_COMPILATION_CONDITIONS = DEBUG;
				SWIFT_OPTIMIZATION_LEVEL = "-Onone";
			};
			name = Debug;
		};
		9680053B2B3A3E3F00050513 /* Release */ = {
			isa = XCBuildConfiguration;
			buildSettings = {
				ALWAYS_SEARCH_USER_PATHS = NO;
				CLANG_ANALYZER_NONNULL = YES;
				CLANG_ANALYZER_NUMBER_OBJECT_CONVERSION = YES_AGGRESSIVE;
				CLANG_CXX_LANGUAGE_STANDARD = "gnu++20";
				CLANG_ENABLE_MODULES = YES;
				CLANG_ENABLE_OBJC_ARC = YES;
				CLANG_ENABLE_OBJC_WEAK = YES;
				CLANG_WARN_BLOCK_CAPTURE_AUTORELEASING = YES;
				CLANG_WARN_BOOL_CONVERSION = YES;
				CLANG_WARN_COMMA = YES;
				CLANG_WARN_CONSTANT_CONVERSION = YES;
				CLANG_WARN_DEPRECATED_OBJC_IMPLEMENTATIONS = YES;
				CLANG_WARN_DIRECT_OBJC_ISA_USAGE = YES_ERROR;
				CLANG_WARN_DOCUMENTATION_COMMENTS = YES;
				CLANG_WARN_EMPTY_BODY = YES;
				CLANG_WARN_ENUM_CONVERSION = YES;
				CLANG_WARN_INFINITE_RECURSION = YES;
				CLANG_WARN_INT_CONVERSION = YES;
				CLANG_WARN_NON_LITERAL_NULL_CONVERSION = YES;
				CLANG_WARN_OBJC_IMPLICIT_RETAIN_SELF = YES;
				CLANG_WARN_OBJC_LITERAL_CONVERSION = YES;
				CLANG_WARN_OBJC_ROOT_CLASS = YES_ERROR;
				CLANG_WARN_QUOTED_INCLUDE_IN_FRAMEWORK_HEADER = YES;
				CLANG_WARN_RANGE_LOOP_ANALYSIS = YES;
				CLANG_WARN_STRICT_PROTOTYPES = YES;
				CLANG_WARN_SUSPICIOUS_MOVE = YES;
				CLANG_WARN_UNGUARDED_AVAILABILITY = YES_AGGRESSIVE;
				CLANG_WARN_UNREACHABLE_CODE = YES;
				CLANG_WARN__DUPLICATE_METHOD_MATCH = YES;
				COPY_PHASE_STRIP = NO;
				DEBUG_INFORMATION_FORMAT = "dwarf-with-dsym";
				ENABLE_NS_ASSERTIONS = NO;
				ENABLE_STRICT_OBJC_MSGSEND = YES;
				GCC_C_LANGUAGE_STANDARD = gnu11;
				GCC_NO_COMMON_BLOCKS = YES;
				GCC_WARN_64_TO_32_BIT_CONVERSION = YES;
				GCC_WARN_ABOUT_RETURN_TYPE = YES_ERROR;
				GCC_WARN_UNDECLARED_SELECTOR = YES;
				GCC_WARN_UNINITIALIZED_AUTOS = YES_AGGRESSIVE;
				GCC_WARN_UNUSED_FUNCTION = YES;
				GCC_WARN_UNUSED_VARIABLE = YES;
				IPHONEOS_DEPLOYMENT_TARGET = 16.4;
				MTL_ENABLE_DEBUG_INFO = NO;
				MTL_FAST_MATH = YES;
				SDKROOT = iphoneos;
				SWIFT_COMPILATION_MODE = wholemodule;
				SWIFT_OPTIMIZATION_LEVEL = "-O";
				VALIDATE_PRODUCT = YES;
			};
			name = Release;
		};
		9680053D2B3A3E3F00050513 /* Debug */ = {
			isa = XCBuildConfiguration;
			buildSettings = {
				ASSETCATALOG_COMPILER_APPICON_NAME = AppIcon;
				ASSETCATALOG_COMPILER_GLOBAL_ACCENT_COLOR_NAME = AccentColor;
				CODE_SIGN_STYLE = Automatic;
				CURRENT_PROJECT_VERSION = 1;
				DEVELOPMENT_ASSET_PATHS = "\"Combine-Book-Course/Preview Content\"";
				ENABLE_PREVIEWS = YES;
				GENERATE_INFOPLIST_FILE = YES;
				INFOPLIST_KEY_UIApplicationSceneManifest_Generation = YES;
				INFOPLIST_KEY_UIApplicationSupportsIndirectInputEvents = YES;
				INFOPLIST_KEY_UILaunchScreen_Generation = YES;
				INFOPLIST_KEY_UISupportedInterfaceOrientations_iPad = "UIInterfaceOrientationPortrait UIInterfaceOrientationPortraitUpsideDown UIInterfaceOrientationLandscapeLeft UIInterfaceOrientationLandscapeRight";
				INFOPLIST_KEY_UISupportedInterfaceOrientations_iPhone = "UIInterfaceOrientationPortrait UIInterfaceOrientationLandscapeLeft UIInterfaceOrientationLandscapeRight";
				LD_RUNPATH_SEARCH_PATHS = (
					"$(inherited)",
					"@executable_path/Frameworks",
				);
				MARKETING_VERSION = 1.0;
				PRODUCT_BUNDLE_IDENTIFIER = "JHP.Combine-Book-Course";
				PRODUCT_NAME = "$(TARGET_NAME)";
				SWIFT_EMIT_LOC_STRINGS = YES;
				SWIFT_VERSION = 5.0;
				TARGETED_DEVICE_FAMILY = "1,2";
			};
			name = Debug;
		};
		9680053E2B3A3E3F00050513 /* Release */ = {
			isa = XCBuildConfiguration;
			buildSettings = {
				ASSETCATALOG_COMPILER_APPICON_NAME = AppIcon;
				ASSETCATALOG_COMPILER_GLOBAL_ACCENT_COLOR_NAME = AccentColor;
				CODE_SIGN_STYLE = Automatic;
				CURRENT_PROJECT_VERSION = 1;
				DEVELOPMENT_ASSET_PATHS = "\"Combine-Book-Course/Preview Content\"";
				ENABLE_PREVIEWS = YES;
				GENERATE_INFOPLIST_FILE = YES;
				INFOPLIST_KEY_UIApplicationSceneManifest_Generation = YES;
				INFOPLIST_KEY_UIApplicationSupportsIndirectInputEvents = YES;
				INFOPLIST_KEY_UILaunchScreen_Generation = YES;
				INFOPLIST_KEY_UISupportedInterfaceOrientations_iPad = "UIInterfaceOrientationPortrait UIInterfaceOrientationPortraitUpsideDown UIInterfaceOrientationLandscapeLeft UIInterfaceOrientationLandscapeRight";
				INFOPLIST_KEY_UISupportedInterfaceOrientations_iPhone = "UIInterfaceOrientationPortrait UIInterfaceOrientationLandscapeLeft UIInterfaceOrientationLandscapeRight";
				LD_RUNPATH_SEARCH_PATHS = (
					"$(inherited)",
					"@executable_path/Frameworks",
				);
				MARKETING_VERSION = 1.0;
				PRODUCT_BUNDLE_IDENTIFIER = "JHP.Combine-Book-Course";
				PRODUCT_NAME = "$(TARGET_NAME)";
				SWIFT_EMIT_LOC_STRINGS = YES;
				SWIFT_VERSION = 5.0;
				TARGETED_DEVICE_FAMILY = "1,2";
			};
			name = Release;
		};
		968005402B3A3E3F00050513 /* Debug */ = {
			isa = XCBuildConfiguration;
			buildSettings = {
				ALWAYS_EMBED_SWIFT_STANDARD_LIBRARIES = YES;
				BUNDLE_LOADER = "$(TEST_HOST)";
				CODE_SIGN_STYLE = Automatic;
				CURRENT_PROJECT_VERSION = 1;
				GENERATE_INFOPLIST_FILE = YES;
				IPHONEOS_DEPLOYMENT_TARGET = 16.4;
				MARKETING_VERSION = 1.0;
				PRODUCT_BUNDLE_IDENTIFIER = "JHP.Combine-Book-CourseTests";
				PRODUCT_NAME = "$(TARGET_NAME)";
				SWIFT_EMIT_LOC_STRINGS = NO;
				SWIFT_VERSION = 5.0;
				TARGETED_DEVICE_FAMILY = "1,2";
				TEST_HOST = "$(BUILT_PRODUCTS_DIR)/Combine-Book-Course.app/$(BUNDLE_EXECUTABLE_FOLDER_PATH)/Combine-Book-Course";
			};
			name = Debug;
		};
		968005412B3A3E3F00050513 /* Release */ = {
			isa = XCBuildConfiguration;
			buildSettings = {
				ALWAYS_EMBED_SWIFT_STANDARD_LIBRARIES = YES;
				BUNDLE_LOADER = "$(TEST_HOST)";
				CODE_SIGN_STYLE = Automatic;
				CURRENT_PROJECT_VERSION = 1;
				GENERATE_INFOPLIST_FILE = YES;
				IPHONEOS_DEPLOYMENT_TARGET = 16.4;
				MARKETING_VERSION = 1.0;
				PRODUCT_BUNDLE_IDENTIFIER = "JHP.Combine-Book-CourseTests";
				PRODUCT_NAME = "$(TARGET_NAME)";
				SWIFT_EMIT_LOC_STRINGS = NO;
				SWIFT_VERSION = 5.0;
				TARGETED_DEVICE_FAMILY = "1,2";
				TEST_HOST = "$(BUILT_PRODUCTS_DIR)/Combine-Book-Course.app/$(BUNDLE_EXECUTABLE_FOLDER_PATH)/Combine-Book-Course";
			};
			name = Release;
		};
		968005432B3A3E3F00050513 /* Debug */ = {
			isa = XCBuildConfiguration;
			buildSettings = {
				ALWAYS_EMBED_SWIFT_STANDARD_LIBRARIES = YES;
				CODE_SIGN_STYLE = Automatic;
				CURRENT_PROJECT_VERSION = 1;
				GENERATE_INFOPLIST_FILE = YES;
				MARKETING_VERSION = 1.0;
				PRODUCT_BUNDLE_IDENTIFIER = "JHP.Combine-Book-CourseUITests";
				PRODUCT_NAME = "$(TARGET_NAME)";
				SWIFT_EMIT_LOC_STRINGS = NO;
				SWIFT_VERSION = 5.0;
				TARGETED_DEVICE_FAMILY = "1,2";
				TEST_TARGET_NAME = "Combine-Book-Course";
			};
			name = Debug;
		};
		968005442B3A3E3F00050513 /* Release */ = {
			isa = XCBuildConfiguration;
			buildSettings = {
				ALWAYS_EMBED_SWIFT_STANDARD_LIBRARIES = YES;
				CODE_SIGN_STYLE = Automatic;
				CURRENT_PROJECT_VERSION = 1;
				GENERATE_INFOPLIST_FILE = YES;
				MARKETING_VERSION = 1.0;
				PRODUCT_BUNDLE_IDENTIFIER = "JHP.Combine-Book-CourseUITests";
				PRODUCT_NAME = "$(TARGET_NAME)";
				SWIFT_EMIT_LOC_STRINGS = NO;
				SWIFT_VERSION = 5.0;
				TARGETED_DEVICE_FAMILY = "1,2";
				TEST_TARGET_NAME = "Combine-Book-Course";
			};
			name = Release;
		};
/* End XCBuildConfiguration section */

/* Begin XCConfigurationList section */
		968005132B3A3E3E00050513 /* Build configuration list for PBXProject "Combine-Book-Course" */ = {
			isa = XCConfigurationList;
			buildConfigurations = (
				9680053A2B3A3E3F00050513 /* Debug */,
				9680053B2B3A3E3F00050513 /* Release */,
			);
			defaultConfigurationIsVisible = 0;
			defaultConfigurationName = Release;
		};
		9680053C2B3A3E3F00050513 /* Build configuration list for PBXNativeTarget "Combine-Book-Course" */ = {
			isa = XCConfigurationList;
			buildConfigurations = (
				9680053D2B3A3E3F00050513 /* Debug */,
				9680053E2B3A3E3F00050513 /* Release */,
			);
			defaultConfigurationIsVisible = 0;
			defaultConfigurationName = Release;
		};
		9680053F2B3A3E3F00050513 /* Build configuration list for PBXNativeTarget "Combine-Book-CourseTests" */ = {
			isa = XCConfigurationList;
			buildConfigurations = (
				968005402B3A3E3F00050513 /* Debug */,
				968005412B3A3E3F00050513 /* Release */,
			);
			defaultConfigurationIsVisible = 0;
			defaultConfigurationName = Release;
		};
		968005422B3A3E3F00050513 /* Build configuration list for PBXNativeTarget "Combine-Book-CourseUITests" */ = {
			isa = XCConfigurationList;
			buildConfigurations = (
				968005432B3A3E3F00050513 /* Debug */,
				968005442B3A3E3F00050513 /* Release */,
			);
			defaultConfigurationIsVisible = 0;
			defaultConfigurationName = Release;
		};
/* End XCConfigurationList section */
	};
	rootObject = 968005102B3A3E3E00050513 /* Project object */;
}
